// !$*UTF8*$!
{
	archiveVersion = 1;
	classes = {
	};
	objectVersion = 56;
	objects = {

/* Begin PBXBuildFile section */
		A1000001 /* MyPlannerAppApp.swift in Sources */ = {isa = PBXBuildFile; fileRef = B1000001 /* MyPlannerAppApp.swift */; };
		A1000002 /* ContentView.swift in Sources */ = {isa = PBXBuildFile; fileRef = B1000002 /* ContentView.swift */; };
		A1000003 /* Models.swift in Sources */ = {isa = PBXBuildFile; fileRef = B1000003 /* Models.swift */; };
		A1000004 /* DataManager.swift in Sources */ = {isa = PBXBuildFile; fileRef = B1000004 /* DataManager.swift */; };
		A1000005 /* TaskListView.swift in Sources */ = {isa = PBXBuildFile; fileRef = B1000005 /* TaskListView.swift */; };
		A1000006 /* AddTaskView.swift in Sources */ = {isa = PBXBuildFile; fileRef = B1000006 /* AddTaskView.swift */; };
		A1000007 /* CalendarView.swift in Sources */ = {isa = PBXBuildFile; fileRef = B1000007 /* CalendarView.swift */; };
		A1000008 /* GroceryListView.swift in Sources */ = {isa = PBXBuildFile; fileRef = B1000008 /* GroceryListView.swift */; };
		A1000009 /* MealsAndSleepViews.swift in Sources */ = {isa = PBXBuildFile; fileRef = B1000009 /* MealsAndSleepViews.swift */; };
		A1000010 /* SettingsView.swift in Sources */ = {isa = PBXBuildFile; fileRef = B1000010 /* SettingsView.swift */; };
		A1000011 /* ProjectsManagerView.swift in Sources */ = {isa = PBXBuildFile; fileRef = B1000011 /* ProjectsManagerView.swift */; };
		A1000012 /* TemplatesManagerView.swift in Sources */ = {isa = PBXBuildFile; fileRef = B1000012 /* TemplatesManagerView.swift */; };
		A1000013 /* VoiceCommandManager.swift in Sources */ = {isa = PBXBuildFile; fileRef = B1000013 /* VoiceCommandManager.swift */; };
		A1000014 /* CalendarSyncManager.swift in Sources */ = {isa = PBXBuildFile; fileRef = B1000014 /* CalendarSyncManager.swift */; };
		A1000015 /* AuthenticationManager.swift in Sources */ = {isa = PBXBuildFile; fileRef = B1000015 /* AuthenticationManager.swift */; };
		A1000016 /* TaskReschedulingManager.swift in Sources */ = {isa = PBXBuildFile; fileRef = B1000016 /* TaskReschedulingManager.swift */; };
		A1000017 /* AITaskService.swift in Sources */ = {isa = PBXBuildFile; fileRef = B1000017 /* AITaskService.swift */; };
		A1000018 /* AnalyticsManager.swift in Sources */ = {isa = PBXBuildFile; fileRef = B1000018 /* AnalyticsManager.swift */; };
		A1000019 /* Assets.xcassets in Resources */ = {isa = PBXBuildFile; fileRef = B1000019 /* Assets.xcassets */; };
		A1000020 /* Preview Assets.xcassets in Resources */ = {isa = PBXBuildFile; fileRef = B1000020 /* Preview Assets.xcassets */; };
/* End PBXBuildFile section */

/* Begin PBXFileReference section */
		C1000001 /* MyPlannerApp.app */ = {isa = PBXFileReference; explicitFileType = wrapper.application; includeInIndex = 0; path = MyPlannerApp.app; sourceTree = BUILT_PRODUCTS_DIR; };
		B1000001 /* MyPlannerAppApp.swift */ = {isa = PBXFileReference; lastKnownFileType = sourcecode.swift; path = MyPlannerAppApp.swift; sourceTree = "<group>"; };
		B1000002 /* ContentView.swift */ = {isa = PBXFileReference; lastKnownFileType = sourcecode.swift; path = ContentView.swift; sourceTree = "<group>"; };
		B1000003 /* Models.swift */ = {isa = PBXFileReference; lastKnownFileType = sourcecode.swift; path = Models.swift; sourceTree = "<group>"; };
		B1000004 /* DataManager.swift */ = {isa = PBXFileReference; lastKnownFileType = sourcecode.swift; path = DataManager.swift; sourceTree = "<group>"; };
		B1000005 /* TaskListView.swift */ = {isa = PBXFileReference; lastKnownFileType = sourcecode.swift; path = TaskListView.swift; sourceTree = "<group>"; };
		B1000006 /* AddTaskView.swift */ = {isa = PBXFileReference; lastKnownFileType = sourcecode.swift; path = AddTaskView.swift; sourceTree = "<group>"; };
		B1000007 /* CalendarView.swift */ = {isa = PBXFileReference; lastKnownFileType = sourcecode.swift; path = CalendarView.swift; sourceTree = "<group>"; };
		B1000008 /* GroceryListView.swift */ = {isa = PBXFileReference; lastKnownFileType = sourcecode.swift; path = GroceryListView.swift; sourceTree = "<group>"; };
		B1000009 /* MealsAndSleepViews.swift */ = {isa = PBXFileReference; lastKnownFileType = sourcecode.swift; path = MealsAndSleepViews.swift; sourceTree = "<group>"; };
		B1000010 /* SettingsView.swift */ = {isa = PBXFileReference; lastKnownFileType = sourcecode.swift; path = SettingsView.swift; sourceTree = "<group>"; };
		B1000011 /* ProjectsManagerView.swift */ = {isa = PBXFileReference; lastKnownFileType = sourcecode.swift; path = ProjectsManagerView.swift; sourceTree = "<group>"; };
		B1000012 /* TemplatesManagerView.swift */ = {isa = PBXFileReference; lastKnownFileType = sourcecode.swift; path = TemplatesManagerView.swift; sourceTree = "<group>"; };
		B1000013 /* VoiceCommandManager.swift */ = {isa = PBXFileReference; lastKnownFileType = sourcecode.swift; path = VoiceCommandManager.swift; sourceTree = "<group>"; };
		B1000014 /* CalendarSyncManager.swift */ = {isa = PBXFileReference; lastKnownFileType = sourcecode.swift; path = CalendarSyncManager.swift; sourceTree = "<group>"; };
		B1000015 /* AuthenticationManager.swift */ = {isa = PBXFileReference; lastKnownFileType = sourcecode.swift; path = AuthenticationManager.swift; sourceTree = "<group>"; };
		B1000016 /* TaskReschedulingManager.swift */ = {isa = PBXFileReference; lastKnownFileType = sourcecode.swift; path = TaskReschedulingManager.swift; sourceTree = "<group>"; };
		B1000017 /* AITaskService.swift */ = {isa = PBXFileReference; lastKnownFileType = sourcecode.swift; path = AITaskService.swift; sourceTree = "<group>"; };
		B1000018 /* AnalyticsManager.swift */ = {isa = PBXFileReference; lastKnownFileType = sourcecode.swift; path = AnalyticsManager.swift; sourceTree = "<group>"; };
		B1000019 /* Assets.xcassets */ = {isa = PBXFileReference; lastKnownFileType = folder.assetcatalog; path = Assets.xcassets; sourceTree = "<group>"; };
		B1000020 /* Preview Assets.xcassets */ = {isa = PBXFileReference; lastKnownFileType = folder.assetcatalog; path = "Preview Assets.xcassets"; sourceTree = "<group>"; };
		B1000021 /* Info.plist */ = {isa = PBXFileReference; lastKnownFileType = text.plist.xml; path = Info.plist; sourceTree = "<group>"; };
/* End PBXFileReference section */

/* Begin PBXFrameworksBuildPhase section */
		D1000001 /* Frameworks */ = {
			isa = PBXFrameworksBuildPhase;
			buildActionMask = 2147483647;
			files = (
			);
			runOnlyForDeploymentPostprocessing = 0;
		};
/* End PBXFrameworksBuildPhase section */

/* Begin PBXGroup section */
		E1000001 = {
			isa = PBXGroup;
			children = (
				E1000002 /* MyPlannerApp */,
				E1000003 /* Products */,
			);
			sourceTree = "<group>";
		};
		E1000002 /* MyPlannerApp */ = {
			isa = PBXGroup;
			children = (
				B1000001 /* MyPlannerAppApp.swift */,
				B1000002 /* ContentView.swift */,
				B1000003 /* Models.swift */,
				B1000004 /* DataManager.swift */,
				B1000005 /* TaskListView.swift */,
				B1000006 /* AddTaskView.swift */,
				B1000007 /* CalendarView.swift */,
				B1000008 /* GroceryListView.swift */,
				B1000009 /* MealsAndSleepViews.swift */,
				B1000010 /* SettingsView.swift */,
				B1000011 /* ProjectsManagerView.swift */,
				B1000012 /* TemplatesManagerView.swift */,
				B1000013 /* VoiceCommandManager.swift */,
				B1000014 /* CalendarSyncManager.swift */,
				B1000015 /* AuthenticationManager.swift */,
				B1000016 /* TaskReschedulingManager.swift */,
				B1000017 /* AITaskService.swift */,
				B1000018 /* AnalyticsManager.swift */,
				B1000019 /* Assets.xcassets */,
				B1000021 /* Info.plist */,
				E1000004 /* Preview Content */,
			);
			path = MyPlannerApp;
			sourceTree = "<group>";
		};
		E1000003 /* Products */ = {
			isa = PBXGroup;
			children = (
				C1000001 /* MyPlannerApp.app */,
			);
			name = Products;
			sourceTree = "<group>";
		};
		E1000004 /* Preview Content */ = {
			isa = PBXGroup;
			children = (
				B1000020 /* Preview Assets.xcassets */,
			);
			path = "Preview Content";
			sourceTree = "<group>";
		};
/* End PBXGroup section */

/* Begin PBXNativeTarget section */
		F1000001 /* MyPlannerApp */ = {
			isa = PBXNativeTarget;
			buildConfigurationList = F1000002 /* Build configuration list for PBXNativeTarget "MyPlannerApp" */;
			buildPhases = (
				G1000001 /* Sources */,
				D1000001 /* Frameworks */,
				H1000001 /* Resources */,
			);
			buildRules = (
			);
			dependencies = (
			);
			name = MyPlannerApp;
			productName = MyPlannerApp;
			productReference = C1000001 /* MyPlannerApp.app */;
			productType = "com.apple.product-type.application";
		};
/* End PBXNativeTarget section */

/* Begin PBXProject section */
		I1000001 /* Project object */ = {
			isa = PBXProject;
			attributes = {
				BuildIndependentTargetsInParallel = 1;
				LastSwiftUpdateCheck = 1500;
				LastUpgradeCheck = 1500;
				TargetAttributes = {
					F1000001 = {
						CreatedOnToolsVersion = 15.0;
					};
				};
			};
			buildConfigurationList = I1000002 /* Build configuration list for PBXProject "MyPlannerApp" */;
			compatibilityVersion = "Xcode 14.0";
			developmentRegion = en;
			hasScannedForEncodings = 0;
			knownRegions = (
				en,
				Base,
			);
			mainGroup = E1000001;
			productRefGroup = E1000003 /* Products */;
			projectDirPath = "";
			projectRoot = "";
			targets = (
				F1000001 /* MyPlannerApp */,
			);
		};
/* End PBXProject section */

/* Begin PBXResourcesBuildPhase section */
		H1000001 /* Resources */ = {
			isa = PBXResourcesBuildPhase;
			buildActionMask = 2147483647;
			files = (
				A1000020 /* Preview Assets.xcassets in Resources */,
				A1000019 /* Assets.xcassets in Resources */,
			);
			runOnlyForDeploymentPostprocessing = 0;
		};
/* End PBXResourcesBuildPhase section */

/* Begin PBXSourcesBuildPhase section */
		G1000001 /* Sources */ = {
			isa = PBXSourcesBuildPhase;
			buildActionMask = 2147483647;
			files = (
				A1000001 /* MyPlannerAppApp.swift in Sources */,
				A1000002 /* ContentView.swift in Sources */,
				A1000003 /* Models.swift in Sources */,
				A1000004 /* DataManager.swift in Sources */,
				A1000005 /* TaskListView.swift in Sources */,
				A1000006 /* AddTaskView.swift in Sources */,
				A1000007 /* CalendarView.swift in Sources */,
				A1000008 /* GroceryListView.swift in Sources */,
				A1000009 /* MealsAndSleepViews.swift in Sources */,
				A1000010 /* SettingsView.swift in Sources */,
				A1000011 /* ProjectsManagerView.swift in Sources */,
				A1000012 /* TemplatesManagerView.swift in Sources */,
				A1000013 /* VoiceCommandManager.swift in Sources */,
				A1000014 /* CalendarSyncManager.swift in Sources */,
				A1000015 /* AuthenticationManager.swift in Sources */,
				A1000016 /* TaskReschedulingManager.swift in Sources */,
				A1000017 /* AITaskService.swift in Sources */,
				A1000018 /* AnalyticsManager.swift in Sources */,
			);
			runOnlyForDeploymentPostprocessing = 0;
		};
/* End PBXSourcesBuildPhase section */

/* Begin XCBuildConfiguration section */
		J1000001 /* Debug */ = {
			isa = XCBuildConfiguration;
			buildSettings = {
				ALWAYS_SEARCH_USER_PATHS = NO;
				ASSETCATALOG_COMPILER_GENERATE_SWIFT_ASSET_SYMBOL_EXTENSIONS = YES;
				CLANG_ANALYZER_NONNULL = YES;
				CLANG_ANALYZER_NUMBER_OBJECT_CONVERSION = YES_AGGRESSIVE;
				CLANG_CXX_LANGUAGE_STANDARD = "gnu++20";
				CLANG_ENABLE_MODULES = YES;
				CLANG_ENABLE_OBJC_ARC = YES;
				CLANG_ENABLE_OBJC_WEAK = YES;
				CLANG_WARN_BLOCK_CAPTURE_AUTORELEASING = YES;
				CLANG_WARN_BOOL_CONVERSION = YES;
				CLANG_WARN_COMMA = YES;
				CLANG_WARN_CONSTANT_CONVERSION = YES;
				CLANG_WARN_DEPRECATED_OBJC_IMPLEMENTATIONS = YES;
				CLANG_WARN_DIRECT_OBJC_ISA_USAGE = YES_ERROR;
				CLANG_WARN_DOCUMENTATION_COMMENTS = YES;
				CLANG_WARN_EMPTY_BODY = YES;
				CLANG_WARN_ENUM_CONVERSION = YES;
				CLANG_WARN_INFINITE_RECURSION = YES;
				CLANG_WARN_INT_CONVERSION = YES;
				CLANG_WARN_NON_LITERAL_NULL_CONVERSION = YES;
				CLANG_WARN_OBJC_IMPLICIT_RETAIN_SELF = YES;
				CLANG_WARN_OBJC_LITERAL_CONVERSION = YES;
				CLANG_WARN_OBJC_ROOT_CLASS = YES_ERROR;
				CLANG_WARN_QUOTED_INCLUDE_IN_FRAMEWORK_HEADER = YES;
				CLANG_WARN_RANGE_LOOP_ANALYSIS = YES;
				CLANG_WARN_STRICT_PROTOTYPES = YES;
				CLANG_WARN_SUSPICIOUS_MOVE = YES;
				CLANG_WARN_UNGUARDED_AVAILABILITY = YES_AGGRESSIVE;
				CLANG_WARN_UNREACHABLE_CODE = YES;
				CLANG_WARN__DUPLICATE_METHOD_MATCH = YES;
				COPY_PHASE_STRIP = NO;
				DEBUG_INFORMATION_FORMAT = dwarf;
				ENABLE_STRICT_OBJC_MSGSEND = YES;
				ENABLE_TESTABILITY = YES;
				ENABLE_USER_SCRIPT_SANDBOXING = YES;
				GCC_C_LANGUAGE_STANDARD = gnu17;
				GCC_DYNAMIC_NO_PIC = NO;
				GCC_NO_COMMON_BLOCKS = YES;
				GCC_OPTIMIZATION_LEVEL = 0;
				GCC_PREPROCESSOR_DEFINITIONS = (
					"DEBUG=1",
					"$(inherited)",
				);
				GCC_WARN_64_TO_32_BIT_CONVERSION = YES;
				GCC_WARN_ABOUT_RETURN_TYPE = YES_ERROR;
				GCC_WARN_UNDECLARED_SELECTOR = YES;
				GCC_WARN_UNINITIALIZED_AUTOS = YES_AGGRESSIVE;
				GCC_WARN_UNUSED_FUNCTION = YES;
				GCC_WARN_UNUSED_VARIABLE = YES;
				IPHONEOS_DEPLOYMENT_TARGET = 16.0;
				LOCALIZATION_PREFERS_STRING_CATALOGS = YES;
				MTL_ENABLE_DEBUG_INFO = INCLUDE_SOURCE;
				MTL_FAST_MATH = YES;
				ONLY_ACTIVE_ARCH = YES;
				SDKROOT = iphoneos;
				SWIFT_ACTIVE_COMPILATION_CONDITIONS = "DEBUG $(inherited)";
				SWIFT_OPTIMIZATION_LEVEL = "-Onone";
			};
			name = Debug;
		};
		J1000002 /* Release */ = {
			isa = XCBuildConfiguration;
			buildSettings = {
				ALWAYS_SEARCH_USER_PATHS = NO;
				ASSETCATALOG_COMPILER_GENERATE_SWIFT_ASSET_SYMBOL_EXTENSIONS = YES;
				CLANG_ANALYZER_NONNULL = YES;
				CLANG_ANALYZER_NUMBER_OBJECT_CONVERSION = YES_AGGRESSIVE;
				CLANG_CXX_LANGUAGE_STANDARD = "gnu++20";
				CLANG_ENABLE_MODULES = YES;
				CLANG_ENABLE_OBJC_ARC = YES;
				CLANG_ENABLE_OBJC_WEAK = YES;
				CLANG_WARN_BLOCK_CAPTURE_AUTORELEASING = YES;
				CLANG_WARN_BOOL_CONVERSION = YES;
				CLANG_WARN_COMMA = YES;
				CLANG_WARN_CONSTANT_CONVERSION = YES;
				CLANG_WARN_DEPRECATED_OBJC_IMPLEMENTATIONS = YES;
				CLANG_WARN_DIRECT_OBJC_ISA_USAGE = YES_ERROR;
				CLANG_WARN_DOCUMENTATION_COMMENTS = YES;
				CLANG_WARN_EMPTY_BODY = YES;
				CLANG_WARN_ENUM_CONVERSION = YES;
				CLANG_WARN_INFINITE_RECURSION = YES;
				CLANG_WARN_INT_CONVERSION = YES;
				CLANG_WARN_NON_LITERAL_NULL_CONVERSION = YES;
				CLANG_WARN_OBJC_IMPLICIT_RETAIN_SELF = YES;
				CLANG_WARN_OBJC_LITERAL_CONVERSION = YES;
				CLANG_WARN_OBJC_ROOT_CLASS = YES_ERROR;
				CLANG_WARN_QUOTED_INCLUDE_IN_FRAMEWORK_HEADER = YES;
				CLANG_WARN_RANGE_LOOP_ANALYSIS = YES;
				CLANG_WARN_STRICT_PROTOTYPES = YES;
				CLANG_WARN_SUSPICIOUS_MOVE = YES;
				CLANG_WARN_UNGUARDED_AVAILABILITY = YES_AGGRESSIVE;
				CLANG_WARN_UNREACHABLE_CODE = YES;
				CLANG_WARN__DUPLICATE_METHOD_MATCH = YES;
				COPY_PHASE_STRIP = NO;
				DEBUG_INFORMATION_FORMAT = "dwarf-with-dsym";
				ENABLE_NS_ASSERTIONS = NO;
				ENABLE_STRICT_OBJC_MSGSEND = YES;
				ENABLE_USER_SCRIPT_SANDBOXING = YES;
				GCC_C_LANGUAGE_STANDARD = gnu17;
				GCC_NO_COMMON_BLOCKS = YES;
				GCC_WARN_64_TO_32_BIT_CONVERSION = YES;
				GCC_WARN_ABOUT_RETURN_TYPE = YES_ERROR;
				GCC_WARN_UNDECLARED_SELECTOR = YES;
				GCC_WARN_UNINITIALIZED_AUTOS = YES_AGGRESSIVE;
				GCC_WARN_UNUSED_FUNCTION = YES;
				GCC_WARN_UNUSED_VARIABLE = YES;
				IPHONEOS_DEPLOYMENT_TARGET = 16.0;
				LOCALIZATION_PREFERS_STRING_CATALOGS = YES;
				MTL_ENABLE_DEBUG_INFO = NO;
				MTL_FAST_MATH = YES;
				SDKROOT = iphoneos;
				SWIFT_COMPILATION_MODE = wholemodule;
				VALIDATE_PRODUCT = YES;
			};
			name = Release;
		};
		K1000001 /* Debug */ = {
			isa = XCBuildConfiguration;
			buildSettings = {
				ASSETCATALOG_COMPILER_APPICON_NAME = AppIcon;
				ASSETCATALOG_COMPILER_GLOBAL_ACCENT_COLOR_NAME = AccentColor;
				CODE_SIGN_STYLE = Automatic;
				CURRENT_PROJECT_VERSION = 1;
				DEVELOPMENT_ASSET_PATHS = "\"MyPlannerApp/Preview Content\"";
				ENABLE_PREVIEWS = YES;
				GENERATE_INFOPLIST_FILE = NO;
				INFOPLIST_FILE = MyPlannerApp/Info.plist;
				INFOPLIST_KEY_UIApplicationSceneManifest_Generation = YES;
				INFOPLIST_KEY_UIApplicationSupportsIndirectInputEvents = YES;
				INFOPLIST_KEY_UILaunchScreen_Generation = YES;
				INFOPLIST_KEY_UISupportedInterfaceOrientations_iPad = "UIInterfaceOrientationPortrait UIInterfaceOrientationPortraitUpsideDown UIInterfaceOrientationLandscapeLeft UIInterfaceOrientationLandscapeRight";
				INFOPLIST_KEY_UISupportedInterfaceOrientations_iPhone = "UIInterfaceOrientationPortrait UIInterfaceOrientationLandscapeLeft UIInterfaceOrientationLandscapeRight";
				IPHONEOS_DEPLOYMENT_TARGET = 16.0;
				LD_RUNPATH_SEARCH_PATHS = (
					"$(inherited)",
					"@executable_path/Frameworks",
				);
				MARKETING_VERSION = 1.0;
				PRODUCT_BUNDLE_IDENTIFIER = com.mycompany.MyPlannerApp;
				PRODUCT_NAME = "$(TARGET_NAME)";
				SWIFT_EMIT_LOC_STRINGS = YES;
				SWIFT_VERSION = 5.0;
				TARGETED_DEVICE_FAMILY = "1,2";
			};
			name = Debug;
		};
		K1000002 /* Release */ = {
			isa = XCBuildConfiguration;
			buildSettings = {
				ASSETCATALOG_COMPILER_APPICON_NAME = AppIcon;
				ASSETCATALOG_COMPILER_GLOBAL_ACCENT_COLOR_NAME = AccentColor;
				CODE_SIGN_STYLE = Automatic;
				CURRENT_PROJECT_VERSION = 1;
				DEVELOPMENT_ASSET_PATHS = "\"MyPlannerApp/Preview Content\"";
				ENABLE_PREVIEWS = YES;
				GENERATE_INFOPLIST_FILE = NO;
				INFOPLIST_FILE = MyPlannerApp/Info.plist;
				INFOPLIST_KEY_UIApplicationSceneManifest_Generation = YES;
				INFOPLIST_KEY_UIApplicationSupportsIndirectInputEvents = YES;
				INFOPLIST_KEY_UILaunchScreen_Generation = YES;
				INFOPLIST_KEY_UISupportedInterfaceOrientations_iPad = "UIInterfaceOrientationPortrait UIInterfaceOrientationPortraitUpsideDown UIInterfaceOrientationLandscapeLeft UIInterfaceOrientationLandscapeRight";
				INFOPLIST_KEY_UISupportedInterfaceOrientations_iPhone = "UIInterfaceOrientationPortrait UIInterfaceOrientationLandscapeLeft UIInterfaceOrientationLandscapeRight";
				IPHONEOS_DEPLOYMENT_TARGET = 16.0;
				LD_RUNPATH_SEARCH_PATHS = (
					"$(inherited)",
					"@executable_path/Frameworks",
				);
				MARKETING_VERSION = 1.0;
				PRODUCT_BUNDLE_IDENTIFIER = com.mycompany.MyPlannerApp;
				PRODUCT_NAME = "$(TARGET_NAME)";
				SWIFT_EMIT_LOC_STRINGS = YES;
				SWIFT_VERSION = 5.0;
				TARGETED_DEVICE_FAMILY = "1,2";
			};
			name = Release;
		};
/* End XCBuildConfiguration section */

/* Begin XCConfigurationList section */
		F1000002 /* Build configuration list for PBXNativeTarget "MyPlannerApp" */ = {
			isa = XCConfigurationList;
			buildConfigurations = (
				K1000001 /* Debug */,
				K1000002 /* Release */,
			);
			defaultConfigurationIsVisible = 0;
			defaultConfigurationName = Release;
		};
		I1000002 /* Build configuration list for PBXProject "MyPlannerApp" */ = {
			isa = XCConfigurationList;
			buildConfigurations = (
				J1000001 /* Debug */,
				J1000002 /* Release */,
			);
			defaultConfigurationIsVisible = 0;
			defaultConfigurationName = Release;
		};
/* End XCConfigurationList section */
	};
	rootObject = I1000001 /* Project object */;
}
